
Microsoft Visual Studio Solution File, Format Version 12.00
# Visual Studio Version 17
VisualStudioVersion = 17.13.36105.23 d17.13
MinimumVisualStudioVersion = 10.0.40219.1
Project("{FAE04EC0-301F-11D3-BF4B-00C04F79EFBC}") = "BookAuthorWithOOP", "BookAuthorWithOOP\BookAuthorWithOOP.csproj", "{1DA0E09F-33F0-41FC-94FA-2266A716A058}"
EndProject
Global
	GlobalSection(SolutionConfigurationPlatforms) = preSolution
		Debug|Any CPU = Debug|Any CPU
		Release|Any CPU = Release|Any CPU
	EndGlobalSection
	GlobalSection(ProjectConfigurationPlatforms) = postSolution
		{1DA0E09F-33F0-41FC-94FA-2266A716A058}.Debug|Any CPU.ActiveCfg = Debug|Any CPU
		{1DA0E09F-33F0-41FC-94FA-2266A716A058}.Debug|Any CPU.Build.0 = Debug|Any CPU
		{1DA0E09F-33F0-41FC-94FA-2266A716A058}.Release|Any CPU.ActiveCfg = Release|Any CPU
		{1DA0E09F-33F0-41FC-94FA-2266A716A058}.Release|Any CPU.Build.0 = Release|Any CPU
	EndGlobalSection
	GlobalSection(SolutionProperties) = preSolution
		HideSolutionNode = FALSE
	EndGlobalSection
	GlobalSection(ExtensibilityGlobals) = postSolution
		SolutionGuid = {574A8A78-29DF-437C-9224-548820FF9056}
	EndGlobalSection
EndGlobal
